// !$*UTF8*$!
{
	archiveVersion = 1;
	classes = {
	};
	objectVersion = 56;
	objects = {

/* Begin PBXBuildFile section */
		6E779A932C1CD6D20025B942 /* CodedropApp.swift in Sources */ = {isa = PBXBuildFile; fileRef = 6E779A922C1CD6D20025B942 /* CodedropApp.swift */; };
		6E779A972C1CD6D30025B942 /* Assets.xcassets in Resources */ = {isa = PBXBuildFile; fileRef = 6E779A962C1CD6D30025B942 /* Assets.xcassets */; };
		6E779A9A2C1CD6D30025B942 /* Preview Assets.xcassets in Resources */ = {isa = PBXBuildFile; fileRef = 6E779A992C1CD6D30025B942 /* Preview Assets.xcassets */; };
		6E779AA22C1CD9990025B942 /* Emotion.swift in Sources */ = {isa = PBXBuildFile; fileRef = 6E779AA12C1CD9990025B942 /* Emotion.swift */; };
		6E779AA42C1CD9A50025B942 /* EmotionType.swift in Sources */ = {isa = PBXBuildFile; fileRef = 6E779AA32C1CD9A50025B942 /* EmotionType.swift */; };
		6E779AA92C1CD9D40025B942 /* TodayView.swift in Sources */ = {isa = PBXBuildFile; fileRef = 6E779AA82C1CD9D40025B942 /* TodayView.swift */; };
		6E779AAB2C1CD9E40025B942 /* EmotionRecordView.swift in Sources */ = {isa = PBXBuildFile; fileRef = 6E779AAA2C1CD9E40025B942 /* EmotionRecordView.swift */; };
		6E779AAD2C1CD9ED0025B942 /* EmotionListView.swift in Sources */ = {isa = PBXBuildFile; fileRef = 6E779AAC2C1CD9ED0025B942 /* EmotionListView.swift */; };
		6E779AAF2C1CD9F90025B942 /* EmotionCheckView.swift in Sources */ = {isa = PBXBuildFile; fileRef = 6E779AAE2C1CD9F90025B942 /* EmotionCheckView.swift */; };
		6E779ABB2C1CEFE00025B942 /* Pretendard-ExtraLight.otf in Resources */ = {isa = PBXBuildFile; fileRef = 6E779AB22C1CEFE00025B942 /* Pretendard-ExtraLight.otf */; };
		6E779ABC2C1CEFE00025B942 /* Pretendard-Light.otf in Resources */ = {isa = PBXBuildFile; fileRef = 6E779AB32C1CEFE00025B942 /* Pretendard-Light.otf */; };
		6E779ABD2C1CEFE00025B942 /* Pretendard-Thin.otf in Resources */ = {isa = PBXBuildFile; fileRef = 6E779AB42C1CEFE00025B942 /* Pretendard-Thin.otf */; };
		6E779ABE2C1CEFE00025B942 /* Pretendard-ExtraBold.otf in Resources */ = {isa = PBXBuildFile; fileRef = 6E779AB52C1CEFE00025B942 /* Pretendard-ExtraBold.otf */; };
		6E779ABF2C1CEFE00025B942 /* Pretendard-Regular.otf in Resources */ = {isa = PBXBuildFile; fileRef = 6E779AB62C1CEFE00025B942 /* Pretendard-Regular.otf */; };
		6E779AC02C1CEFE00025B942 /* Pretendard-Black.otf in Resources */ = {isa = PBXBuildFile; fileRef = 6E779AB72C1CEFE00025B942 /* Pretendard-Black.otf */; };
		6E779AC12C1CEFE00025B942 /* Pretendard-Bold.otf in Resources */ = {isa = PBXBuildFile; fileRef = 6E779AB82C1CEFE00025B942 /* Pretendard-Bold.otf */; };
		6E779AC22C1CEFE00025B942 /* Pretendard-SemiBold.otf in Resources */ = {isa = PBXBuildFile; fileRef = 6E779AB92C1CEFE00025B942 /* Pretendard-SemiBold.otf */; };
		6E779AC32C1CEFE00025B942 /* Pretendard-Medium.otf in Resources */ = {isa = PBXBuildFile; fileRef = 6E779ABA2C1CEFE00025B942 /* Pretendard-Medium.otf */; };
		6E779AC52C1CF1230025B942 /* Font.swift in Sources */ = {isa = PBXBuildFile; fileRef = 6E779AC42C1CF1230025B942 /* Font.swift */; };
/* End PBXBuildFile section */

/* Begin PBXFileReference section */
		6E779A8F2C1CD6D20025B942 /* Codedrop.app */ = {isa = PBXFileReference; explicitFileType = wrapper.application; includeInIndex = 0; path = Codedrop.app; sourceTree = BUILT_PRODUCTS_DIR; };
		6E779A922C1CD6D20025B942 /* CodedropApp.swift */ = {isa = PBXFileReference; lastKnownFileType = sourcecode.swift; path = CodedropApp.swift; sourceTree = "<group>"; };
		6E779A962C1CD6D30025B942 /* Assets.xcassets */ = {isa = PBXFileReference; lastKnownFileType = folder.assetcatalog; path = Assets.xcassets; sourceTree = "<group>"; };
		6E779A992C1CD6D30025B942 /* Preview Assets.xcassets */ = {isa = PBXFileReference; lastKnownFileType = folder.assetcatalog; path = "Preview Assets.xcassets"; sourceTree = "<group>"; };
		6E779AA12C1CD9990025B942 /* Emotion.swift */ = {isa = PBXFileReference; lastKnownFileType = sourcecode.swift; path = Emotion.swift; sourceTree = "<group>"; };
		6E779AA32C1CD9A50025B942 /* EmotionType.swift */ = {isa = PBXFileReference; lastKnownFileType = sourcecode.swift; path = EmotionType.swift; sourceTree = "<group>"; };
		6E779AA82C1CD9D40025B942 /* TodayView.swift */ = {isa = PBXFileReference; lastKnownFileType = sourcecode.swift; path = TodayView.swift; sourceTree = "<group>"; };
		6E779AAA2C1CD9E40025B942 /* EmotionRecordView.swift */ = {isa = PBXFileReference; lastKnownFileType = sourcecode.swift; path = EmotionRecordView.swift; sourceTree = "<group>"; };
		6E779AAC2C1CD9ED0025B942 /* EmotionListView.swift */ = {isa = PBXFileReference; lastKnownFileType = sourcecode.swift; path = EmotionListView.swift; sourceTree = "<group>"; };
		6E779AAE2C1CD9F90025B942 /* EmotionCheckView.swift */ = {isa = PBXFileReference; lastKnownFileType = sourcecode.swift; path = EmotionCheckView.swift; sourceTree = "<group>"; };
		6E779AB22C1CEFE00025B942 /* Pretendard-ExtraLight.otf */ = {isa = PBXFileReference; lastKnownFileType = file; path = "Pretendard-ExtraLight.otf"; sourceTree = "<group>"; };
		6E779AB32C1CEFE00025B942 /* Pretendard-Light.otf */ = {isa = PBXFileReference; lastKnownFileType = file; path = "Pretendard-Light.otf"; sourceTree = "<group>"; };
		6E779AB42C1CEFE00025B942 /* Pretendard-Thin.otf */ = {isa = PBXFileReference; lastKnownFileType = file; path = "Pretendard-Thin.otf"; sourceTree = "<group>"; };
		6E779AB52C1CEFE00025B942 /* Pretendard-ExtraBold.otf */ = {isa = PBXFileReference; lastKnownFileType = file; path = "Pretendard-ExtraBold.otf"; sourceTree = "<group>"; };
		6E779AB62C1CEFE00025B942 /* Pretendard-Regular.otf */ = {isa = PBXFileReference; lastKnownFileType = file; path = "Pretendard-Regular.otf"; sourceTree = "<group>"; };
		6E779AB72C1CEFE00025B942 /* Pretendard-Black.otf */ = {isa = PBXFileReference; lastKnownFileType = file; path = "Pretendard-Black.otf"; sourceTree = "<group>"; };
		6E779AB82C1CEFE00025B942 /* Pretendard-Bold.otf */ = {isa = PBXFileReference; lastKnownFileType = file; path = "Pretendard-Bold.otf"; sourceTree = "<group>"; };
		6E779AB92C1CEFE00025B942 /* Pretendard-SemiBold.otf */ = {isa = PBXFileReference; lastKnownFileType = file; path = "Pretendard-SemiBold.otf"; sourceTree = "<group>"; };
		6E779ABA2C1CEFE00025B942 /* Pretendard-Medium.otf */ = {isa = PBXFileReference; lastKnownFileType = file; path = "Pretendard-Medium.otf"; sourceTree = "<group>"; };
		6E779AC42C1CF1230025B942 /* Font.swift */ = {isa = PBXFileReference; lastKnownFileType = sourcecode.swift; path = Font.swift; sourceTree = "<group>"; };
/* End PBXFileReference section */

/* Begin PBXFrameworksBuildPhase section */
		6E779A8C2C1CD6D20025B942 /* Frameworks */ = {
			isa = PBXFrameworksBuildPhase;
			buildActionMask = 2147483647;
			files = (
			);
			runOnlyForDeploymentPostprocessing = 0;
		};
/* End PBXFrameworksBuildPhase section */

/* Begin PBXGroup section */
		6E779A862C1CD6D20025B942 = {
			isa = PBXGroup;
			children = (
				6E779AA72C1CD9BF0025B942 /* View */,
				6E779AA02C1CD74C0025B942 /* Model */,
				6E779AB02C1CEFA50025B942 /* Resource */,
				6E779A912C1CD6D20025B942 /* Codedrop */,
				6E779A902C1CD6D20025B942 /* Products */,
			);
			sourceTree = "<group>";
		};
		6E779A902C1CD6D20025B942 /* Products */ = {
			isa = PBXGroup;
			children = (
				6E779A8F2C1CD6D20025B942 /* Codedrop.app */,
			);
			name = Products;
			sourceTree = "<group>";
		};
		6E779A912C1CD6D20025B942 /* Codedrop */ = {
			isa = PBXGroup;
			children = (
				6E779A922C1CD6D20025B942 /* CodedropApp.swift */,
				6E779A962C1CD6D30025B942 /* Assets.xcassets */,
				6E779A982C1CD6D30025B942 /* Preview Content */,
			);
			path = Codedrop;
			sourceTree = "<group>";
		};
		6E779A982C1CD6D30025B942 /* Preview Content */ = {
			isa = PBXGroup;
			children = (
				6E779A992C1CD6D30025B942 /* Preview Assets.xcassets */,
			);
			path = "Preview Content";
			sourceTree = "<group>";
		};
		6E779AA02C1CD74C0025B942 /* Model */ = {
			isa = PBXGroup;
			children = (
				6E779AA12C1CD9990025B942 /* Emotion.swift */,
				6E779AA32C1CD9A50025B942 /* EmotionType.swift */,
			);
			path = Model;
			sourceTree = "<group>";
		};
		6E779AA72C1CD9BF0025B942 /* View */ = {
			isa = PBXGroup;
			children = (
				6E779AA82C1CD9D40025B942 /* TodayView.swift */,
				6E779AAA2C1CD9E40025B942 /* EmotionRecordView.swift */,
				6E779AAC2C1CD9ED0025B942 /* EmotionListView.swift */,
				6E779AAE2C1CD9F90025B942 /* EmotionCheckView.swift */,
			);
			path = View;
			sourceTree = "<group>";
		};
		6E779AB02C1CEFA50025B942 /* Resource */ = {
			isa = PBXGroup;
			children = (
				6E779AB12C1CEFB80025B942 /* Pretendard */,
				6E779AC42C1CF1230025B942 /* Font.swift */,
			);
			path = Resource;
			sourceTree = "<group>";
		};
		6E779AB12C1CEFB80025B942 /* Pretendard */ = {
			isa = PBXGroup;
			children = (
				6E779AB72C1CEFE00025B942 /* Pretendard-Black.otf */,
				6E779AB82C1CEFE00025B942 /* Pretendard-Bold.otf */,
				6E779AB52C1CEFE00025B942 /* Pretendard-ExtraBold.otf */,
				6E779AB22C1CEFE00025B942 /* Pretendard-ExtraLight.otf */,
				6E779AB32C1CEFE00025B942 /* Pretendard-Light.otf */,
				6E779ABA2C1CEFE00025B942 /* Pretendard-Medium.otf */,
				6E779AB62C1CEFE00025B942 /* Pretendard-Regular.otf */,
				6E779AB92C1CEFE00025B942 /* Pretendard-SemiBold.otf */,
				6E779AB42C1CEFE00025B942 /* Pretendard-Thin.otf */,
			);
			path = Pretendard;
			sourceTree = "<group>";
		};
/* End PBXGroup section */

/* Begin PBXNativeTarget section */
		6E779A8E2C1CD6D20025B942 /* Codedrop */ = {
			isa = PBXNativeTarget;
			buildConfigurationList = 6E779A9D2C1CD6D30025B942 /* Build configuration list for PBXNativeTarget "Codedrop" */;
			buildPhases = (
				6E779A8B2C1CD6D20025B942 /* Sources */,
				6E779A8C2C1CD6D20025B942 /* Frameworks */,
				6E779A8D2C1CD6D20025B942 /* Resources */,
			);
			buildRules = (
			);
			dependencies = (
			);
			name = Codedrop;
			productName = Codedrop;
			productReference = 6E779A8F2C1CD6D20025B942 /* Codedrop.app */;
			productType = "com.apple.product-type.application";
		};
/* End PBXNativeTarget section */

/* Begin PBXProject section */
		6E779A872C1CD6D20025B942 /* Project object */ = {
			isa = PBXProject;
			attributes = {
				BuildIndependentTargetsInParallel = 1;
				LastSwiftUpdateCheck = 1540;
				LastUpgradeCheck = 1540;
				TargetAttributes = {
					6E779A8E2C1CD6D20025B942 = {
						CreatedOnToolsVersion = 15.4;
					};
				};
			};
			buildConfigurationList = 6E779A8A2C1CD6D20025B942 /* Build configuration list for PBXProject "Codedrop" */;
			compatibilityVersion = "Xcode 14.0";
			developmentRegion = en;
			hasScannedForEncodings = 0;
			knownRegions = (
				en,
				Base,
			);
			mainGroup = 6E779A862C1CD6D20025B942;
			productRefGroup = 6E779A902C1CD6D20025B942 /* Products */;
			projectDirPath = "";
			projectRoot = "";
			targets = (
				6E779A8E2C1CD6D20025B942 /* Codedrop */,
			);
		};
/* End PBXProject section */

/* Begin PBXResourcesBuildPhase section */
		6E779A8D2C1CD6D20025B942 /* Resources */ = {
			isa = PBXResourcesBuildPhase;
			buildActionMask = 2147483647;
			files = (
				6E779ABB2C1CEFE00025B942 /* Pretendard-ExtraLight.otf in Resources */,
				6E779ABD2C1CEFE00025B942 /* Pretendard-Thin.otf in Resources */,
				6E779ABE2C1CEFE00025B942 /* Pretendard-ExtraBold.otf in Resources */,
				6E779ABC2C1CEFE00025B942 /* Pretendard-Light.otf in Resources */,
				6E779ABF2C1CEFE00025B942 /* Pretendard-Regular.otf in Resources */,
				6E779A9A2C1CD6D30025B942 /* Preview Assets.xcassets in Resources */,
				6E779AC02C1CEFE00025B942 /* Pretendard-Black.otf in Resources */,
				6E779AC22C1CEFE00025B942 /* Pretendard-SemiBold.otf in Resources */,
				6E779AC12C1CEFE00025B942 /* Pretendard-Bold.otf in Resources */,
				6E779A972C1CD6D30025B942 /* Assets.xcassets in Resources */,
				6E779AC32C1CEFE00025B942 /* Pretendard-Medium.otf in Resources */,
			);
			runOnlyForDeploymentPostprocessing = 0;
		};
/* End PBXResourcesBuildPhase section */

/* Begin PBXSourcesBuildPhase section */
		6E779A8B2C1CD6D20025B942 /* Sources */ = {
			isa = PBXSourcesBuildPhase;
			buildActionMask = 2147483647;
			files = (
				6E779AAD2C1CD9ED0025B942 /* EmotionListView.swift in Sources */,
				6E779AAB2C1CD9E40025B942 /* EmotionRecordView.swift in Sources */,
				6E779AA42C1CD9A50025B942 /* EmotionType.swift in Sources */,
				6E779A932C1CD6D20025B942 /* CodedropApp.swift in Sources */,
				6E779AC52C1CF1230025B942 /* Font.swift in Sources */,
				6E779AAF2C1CD9F90025B942 /* EmotionCheckView.swift in Sources */,
				6E779AA92C1CD9D40025B942 /* TodayView.swift in Sources */,
				6E779AA22C1CD9990025B942 /* Emotion.swift in Sources */,
			);
			runOnlyForDeploymentPostprocessing = 0;
		};
/* End PBXSourcesBuildPhase section */

/* Begin XCBuildConfiguration section */
		6E779A9B2C1CD6D30025B942 /* Debug */ = {
			isa = XCBuildConfiguration;
			buildSettings = {
				ALWAYS_SEARCH_USER_PATHS = NO;
				ASSETCATALOG_COMPILER_GENERATE_SWIFT_ASSET_SYMBOL_EXTENSIONS = YES;
				CLANG_ANALYZER_NONNULL = YES;
				CLANG_ANALYZER_NUMBER_OBJECT_CONVERSION = YES_AGGRESSIVE;
				CLANG_CXX_LANGUAGE_STANDARD = "gnu++20";
				CLANG_ENABLE_MODULES = YES;
				CLANG_ENABLE_OBJC_ARC = YES;
				CLANG_ENABLE_OBJC_WEAK = YES;
				CLANG_WARN_BLOCK_CAPTURE_AUTORELEASING = YES;
				CLANG_WARN_BOOL_CONVERSION = YES;
				CLANG_WARN_COMMA = YES;
				CLANG_WARN_CONSTANT_CONVERSION = YES;
				CLANG_WARN_DEPRECATED_OBJC_IMPLEMENTATIONS = YES;
				CLANG_WARN_DIRECT_OBJC_ISA_USAGE = YES_ERROR;
				CLANG_WARN_DOCUMENTATION_COMMENTS = YES;
				CLANG_WARN_EMPTY_BODY = YES;
				CLANG_WARN_ENUM_CONVERSION = YES;
				CLANG_WARN_INFINITE_RECURSION = YES;
				CLANG_WARN_INT_CONVERSION = YES;
				CLANG_WARN_NON_LITERAL_NULL_CONVERSION = YES;
				CLANG_WARN_OBJC_IMPLICIT_RETAIN_SELF = YES;
				CLANG_WARN_OBJC_LITERAL_CONVERSION = YES;
				CLANG_WARN_OBJC_ROOT_CLASS = YES_ERROR;
				CLANG_WARN_QUOTED_INCLUDE_IN_FRAMEWORK_HEADER = YES;
				CLANG_WARN_RANGE_LOOP_ANALYSIS = YES;
				CLANG_WARN_STRICT_PROTOTYPES = YES;
				CLANG_WARN_SUSPICIOUS_MOVE = YES;
				CLANG_WARN_UNGUARDED_AVAILABILITY = YES_AGGRESSIVE;
				CLANG_WARN_UNREACHABLE_CODE = YES;
				CLANG_WARN__DUPLICATE_METHOD_MATCH = YES;
				COPY_PHASE_STRIP = NO;
				DEBUG_INFORMATION_FORMAT = dwarf;
				ENABLE_STRICT_OBJC_MSGSEND = YES;
				ENABLE_TESTABILITY = YES;
				ENABLE_USER_SCRIPT_SANDBOXING = YES;
				GCC_C_LANGUAGE_STANDARD = gnu17;
				GCC_DYNAMIC_NO_PIC = NO;
				GCC_NO_COMMON_BLOCKS = YES;
				GCC_OPTIMIZATION_LEVEL = 0;
				GCC_PREPROCESSOR_DEFINITIONS = (
					"DEBUG=1",
					"$(inherited)",
				);
				GCC_WARN_64_TO_32_BIT_CONVERSION = YES;
				GCC_WARN_ABOUT_RETURN_TYPE = YES_ERROR;
				GCC_WARN_UNDECLARED_SELECTOR = YES;
				GCC_WARN_UNINITIALIZED_AUTOS = YES_AGGRESSIVE;
				GCC_WARN_UNUSED_FUNCTION = YES;
				GCC_WARN_UNUSED_VARIABLE = YES;
				IPHONEOS_DEPLOYMENT_TARGET = 17.5;
				LOCALIZATION_PREFERS_STRING_CATALOGS = YES;
				MTL_ENABLE_DEBUG_INFO = INCLUDE_SOURCE;
				MTL_FAST_MATH = YES;
				ONLY_ACTIVE_ARCH = YES;
				SDKROOT = iphoneos;
				SWIFT_ACTIVE_COMPILATION_CONDITIONS = "DEBUG $(inherited)";
				SWIFT_OPTIMIZATION_LEVEL = "-Onone";
			};
			name = Debug;
		};
		6E779A9C2C1CD6D30025B942 /* Release */ = {
			isa = XCBuildConfiguration;
			buildSettings = {
				ALWAYS_SEARCH_USER_PATHS = NO;
				ASSETCATALOG_COMPILER_GENERATE_SWIFT_ASSET_SYMBOL_EXTENSIONS = YES;
				CLANG_ANALYZER_NONNULL = YES;
				CLANG_ANALYZER_NUMBER_OBJECT_CONVERSION = YES_AGGRESSIVE;
				CLANG_CXX_LANGUAGE_STANDARD = "gnu++20";
				CLANG_ENABLE_MODULES = YES;
				CLANG_ENABLE_OBJC_ARC = YES;
				CLANG_ENABLE_OBJC_WEAK = YES;
				CLANG_WARN_BLOCK_CAPTURE_AUTORELEASING = YES;
				CLANG_WARN_BOOL_CONVERSION = YES;
				CLANG_WARN_COMMA = YES;
				CLANG_WARN_CONSTANT_CONVERSION = YES;
				CLANG_WARN_DEPRECATED_OBJC_IMPLEMENTATIONS = YES;
				CLANG_WARN_DIRECT_OBJC_ISA_USAGE = YES_ERROR;
				CLANG_WARN_DOCUMENTATION_COMMENTS = YES;
				CLANG_WARN_EMPTY_BODY = YES;
				CLANG_WARN_ENUM_CONVERSION = YES;
				CLANG_WARN_INFINITE_RECURSION = YES;
				CLANG_WARN_INT_CONVERSION = YES;
				CLANG_WARN_NON_LITERAL_NULL_CONVERSION = YES;
				CLANG_WARN_OBJC_IMPLICIT_RETAIN_SELF = YES;
				CLANG_WARN_OBJC_LITERAL_CONVERSION = YES;
				CLANG_WARN_OBJC_ROOT_CLASS = YES_ERROR;
				CLANG_WARN_QUOTED_INCLUDE_IN_FRAMEWORK_HEADER = YES;
				CLANG_WARN_RANGE_LOOP_ANALYSIS = YES;
				CLANG_WARN_STRICT_PROTOTYPES = YES;
				CLANG_WARN_SUSPICIOUS_MOVE = YES;
				CLANG_WARN_UNGUARDED_AVAILABILITY = YES_AGGRESSIVE;
				CLANG_WARN_UNREACHABLE_CODE = YES;
				CLANG_WARN__DUPLICATE_METHOD_MATCH = YES;
				COPY_PHASE_STRIP = NO;
				DEBUG_INFORMATION_FORMAT = "dwarf-with-dsym";
				ENABLE_NS_ASSERTIONS = NO;
				ENABLE_STRICT_OBJC_MSGSEND = YES;
				ENABLE_USER_SCRIPT_SANDBOXING = YES;
				GCC_C_LANGUAGE_STANDARD = gnu17;
				GCC_NO_COMMON_BLOCKS = YES;
				GCC_WARN_64_TO_32_BIT_CONVERSION = YES;
				GCC_WARN_ABOUT_RETURN_TYPE = YES_ERROR;
				GCC_WARN_UNDECLARED_SELECTOR = YES;
				GCC_WARN_UNINITIALIZED_AUTOS = YES_AGGRESSIVE;
				GCC_WARN_UNUSED_FUNCTION = YES;
				GCC_WARN_UNUSED_VARIABLE = YES;
				IPHONEOS_DEPLOYMENT_TARGET = 17.5;
				LOCALIZATION_PREFERS_STRING_CATALOGS = YES;
				MTL_ENABLE_DEBUG_INFO = NO;
				MTL_FAST_MATH = YES;
				SDKROOT = iphoneos;
				SWIFT_COMPILATION_MODE = wholemodule;
				VALIDATE_PRODUCT = YES;
			};
			name = Release;
		};
		6E779A9E2C1CD6D30025B942 /* Debug */ = {
			isa = XCBuildConfiguration;
			buildSettings = {
				ASSETCATALOG_COMPILER_APPICON_NAME = AppIcon;
				ASSETCATALOG_COMPILER_GLOBAL_ACCENT_COLOR_NAME = AccentColor;
				CODE_SIGN_STYLE = Automatic;
				CURRENT_PROJECT_VERSION = 1;
				DEVELOPMENT_ASSET_PATHS = "\"Codedrop/Preview Content\"";
				DEVELOPMENT_TEAM = 6549F7L3NT;
				ENABLE_PREVIEWS = YES;
				GENERATE_INFOPLIST_FILE = YES;
				INFOPLIST_KEY_UIApplicationSceneManifest_Generation = YES;
				INFOPLIST_KEY_UIApplicationSupportsIndirectInputEvents = YES;
				INFOPLIST_KEY_UILaunchScreen_Generation = YES;
				INFOPLIST_KEY_UISupportedInterfaceOrientations_iPad = "UIInterfaceOrientationPortrait UIInterfaceOrientationPortraitUpsideDown UIInterfaceOrientationLandscapeLeft UIInterfaceOrientationLandscapeRight";
				INFOPLIST_KEY_UISupportedInterfaceOrientations_iPhone = "UIInterfaceOrientationPortrait UIInterfaceOrientationLandscapeLeft UIInterfaceOrientationLandscapeRight";
				LD_RUNPATH_SEARCH_PATHS = (
					"$(inherited)",
					"@executable_path/Frameworks",
				);
				MARKETING_VERSION = 1.0;
				PRODUCT_BUNDLE_IDENTIFIER = com.team13.Codedrop;
				PRODUCT_NAME = "$(TARGET_NAME)";
				SWIFT_EMIT_LOC_STRINGS = YES;
				SWIFT_VERSION = 5.0;
				TARGETED_DEVICE_FAMILY = "1,2";
			};
			name = Debug;
		};
		6E779A9F2C1CD6D30025B942 /* Release */ = {
			isa = XCBuildConfiguration;
			buildSettings = {
				ASSETCATALOG_COMPILER_APPICON_NAME = AppIcon;
				ASSETCATALOG_COMPILER_GLOBAL_ACCENT_COLOR_NAME = AccentColor;
				CODE_SIGN_STYLE = Automatic;
				CURRENT_PROJECT_VERSION = 1;
				DEVELOPMENT_ASSET_PATHS = "\"Codedrop/Preview Content\"";
				DEVELOPMENT_TEAM = 6549F7L3NT;
				ENABLE_PREVIEWS = YES;
				GENERATE_INFOPLIST_FILE = YES;
				INFOPLIST_KEY_UIApplicationSceneManifest_Generation = YES;
				INFOPLIST_KEY_UIApplicationSupportsIndirectInputEvents = YES;
				INFOPLIST_KEY_UILaunchScreen_Generation = YES;
				INFOPLIST_KEY_UISupportedInterfaceOrientations_iPad = "UIInterfaceOrientationPortrait UIInterfaceOrientationPortraitUpsideDown UIInterfaceOrientationLandscapeLeft UIInterfaceOrientationLandscapeRight";
				INFOPLIST_KEY_UISupportedInterfaceOrientations_iPhone = "UIInterfaceOrientationPortrait UIInterfaceOrientationLandscapeLeft UIInterfaceOrientationLandscapeRight";
				LD_RUNPATH_SEARCH_PATHS = (
					"$(inherited)",
					"@executable_path/Frameworks",
				);
				MARKETING_VERSION = 1.0;
				PRODUCT_BUNDLE_IDENTIFIER = com.team13.Codedrop;
				PRODUCT_NAME = "$(TARGET_NAME)";
				SWIFT_EMIT_LOC_STRINGS = YES;
				SWIFT_VERSION = 5.0;
				TARGETED_DEVICE_FAMILY = "1,2";
			};
			name = Release;
		};
/* End XCBuildConfiguration section */

/* Begin XCConfigurationList section */
		6E779A8A2C1CD6D20025B942 /* Build configuration list for PBXProject "Codedrop" */ = {
			isa = XCConfigurationList;
			buildConfigurations = (
				6E779A9B2C1CD6D30025B942 /* Debug */,
				6E779A9C2C1CD6D30025B942 /* Release */,
			);
			defaultConfigurationIsVisible = 0;
			defaultConfigurationName = Release;
		};
		6E779A9D2C1CD6D30025B942 /* Build configuration list for PBXNativeTarget "Codedrop" */ = {
			isa = XCConfigurationList;
			buildConfigurations = (
				6E779A9E2C1CD6D30025B942 /* Debug */,
				6E779A9F2C1CD6D30025B942 /* Release */,
			);
			defaultConfigurationIsVisible = 0;
			defaultConfigurationName = Release;
		};
/* End XCConfigurationList section */
	};
	rootObject = 6E779A872C1CD6D20025B942 /* Project object */;
}
